
Microsoft Visual Studio Solution File, Format Version 12.00
# Visual Studio Version 17
VisualStudioVersion = 17.11.35222.181
MinimumVisualStudioVersion = 10.0.40219.1
Project("{FAE04EC0-301F-11D3-BF4B-00C04F79EFBC}") = "ресторанчикчик", "ресторанчикчик\ресторанчикчик.csproj", "{F3124F62-1DF2-4CA7-8062-3DCA283FE88B}"
EndProject
Global
	GlobalSection(SolutionConfigurationPlatforms) = preSolution
		Debug|Any CPU = Debug|Any CPU
		Release|Any CPU = Release|Any CPU
	EndGlobalSection
	GlobalSection(ProjectConfigurationPlatforms) = postSolution
		{F3124F62-1DF2-4CA7-8062-3DCA283FE88B}.Debug|Any CPU.ActiveCfg = Debug|Any CPU
		{F3124F62-1DF2-4CA7-8062-3DCA283FE88B}.Debug|Any CPU.Build.0 = Debug|Any CPU
		{F3124F62-1DF2-4CA7-8062-3DCA283FE88B}.Release|Any CPU.ActiveCfg = Release|Any CPU
		{F3124F62-1DF2-4CA7-8062-3DCA283FE88B}.Release|Any CPU.Build.0 = Release|Any CPU
	EndGlobalSection
	GlobalSection(SolutionProperties) = preSolution
		HideSolutionNode = FALSE
	EndGlobalSection
	GlobalSection(ExtensibilityGlobals) = postSolution
		SolutionGuid = {6FB0BA0B-734A-4183-A534-606DE64E56E2}
	EndGlobalSection
EndGlobal
